
Microsoft Visual Studio Solution File, Format Version 12.00
# Visual Studio 15
VisualStudioVersion = 15.0.28307.136
MinimumVisualStudioVersion = 10.0.40219.1
Project("{FAE04EC0-301F-11D3-BF4B-00C04F79EFBC}") = "LessonCode.Android", "LessonCode\LessonCode.Android\LessonCode.Android.csproj", "{BDDAA2CC-02B7-41BD-85AE-B86C0D747BB6}"
EndProject
Project("{FAE04EC0-301F-11D3-BF4B-00C04F79EFBC}") = "LessonCode.iOS", "LessonCode\LessonCode.iOS\LessonCode.iOS.csproj", "{2DEA7AE2-2CA7-488D-ACFA-321CFE587B31}"
EndProject
Project("{FAE04EC0-301F-11D3-BF4B-00C04F79EFBC}") = "LessonCode", "LessonCode\LessonCode\LessonCode.csproj", "{F4B3934E-C30C-4654-9E47-E40A41881AC9}"
EndProject
Global
	GlobalSection(SolutionConfigurationPlatforms) = preSolution
		Ad-Hoc|Any CPU = Ad-Hoc|Any CPU
		Ad-Hoc|iPhone = Ad-Hoc|iPhone
		Ad-Hoc|iPhoneSimulator = Ad-Hoc|iPhoneSimulator
		AppStore|Any CPU = AppStore|Any CPU
		AppStore|iPhone = AppStore|iPhone
		AppStore|iPhoneSimulator = AppStore|iPhoneSimulator
		Debug|Any CPU = Debug|Any CPU
		Debug|iPhone = Debug|iPhone
		Debug|iPhoneSimulator = Debug|iPhoneSimulator
		Release|Any CPU = Release|Any CPU
		Release|iPhone = Release|iPhone
		Release|iPhoneSimulator = Release|iPhoneSimulator
	EndGlobalSection
	GlobalSection(ProjectConfigurationPlatforms) = postSolution
		{BDDAA2CC-02B7-41BD-85AE-B86C0D747BB6}.Ad-Hoc|Any CPU.ActiveCfg = Release|Any CPU
		{BDDAA2CC-02B7-41BD-85AE-B86C0D747BB6}.Ad-Hoc|Any CPU.Build.0 = Release|Any CPU
		{BDDAA2CC-02B7-41BD-85AE-B86C0D747BB6}.Ad-Hoc|Any CPU.Deploy.0 = Release|Any CPU
		{BDDAA2CC-02B7-41BD-85AE-B86C0D747BB6}.Ad-Hoc|iPhone.ActiveCfg = Release|Any CPU
		{BDDAA2CC-02B7-41BD-85AE-B86C0D747BB6}.Ad-Hoc|iPhone.Build.0 = Release|Any CPU
		{BDDAA2CC-02B7-41BD-85AE-B86C0D747BB6}.Ad-Hoc|iPhone.Deploy.0 = Release|Any CPU
		{BDDAA2CC-02B7-41BD-85AE-B86C0D747BB6}.Ad-Hoc|iPhoneSimulator.ActiveCfg = Release|Any CPU
		{BDDAA2CC-02B7-41BD-85AE-B86C0D747BB6}.Ad-Hoc|iPhoneSimulator.Build.0 = Release|Any CPU
		{BDDAA2CC-02B7-41BD-85AE-B86C0D747BB6}.Ad-Hoc|iPhoneSimulator.Deploy.0 = Release|Any CPU
		{BDDAA2CC-02B7-41BD-85AE-B86C0D747BB6}.AppStore|Any CPU.ActiveCfg = Release|Any CPU
		{BDDAA2CC-02B7-41BD-85AE-B86C0D747BB6}.AppStore|Any CPU.Build.0 = Release|Any CPU
		{BDDAA2CC-02B7-41BD-85AE-B86C0D747BB6}.AppStore|Any CPU.Deploy.0 = Release|Any CPU
		{BDDAA2CC-02B7-41BD-85AE-B86C0D747BB6}.AppStore|iPhone.ActiveCfg = Release|Any CPU
		{BDDAA2CC-02B7-41BD-85AE-B86C0D747BB6}.AppStore|iPhone.Build.0 = Release|Any CPU
		{BDDAA2CC-02B7-41BD-85AE-B86C0D747BB6}.AppStore|iPhone.Deploy.0 = Release|Any CPU
		{BDDAA2CC-02B7-41BD-85AE-B86C0D747BB6}.AppStore|iPhoneSimulator.ActiveCfg = Release|Any CPU
		{BDDAA2CC-02B7-41BD-85AE-B86C0D747BB6}.AppStore|iPhoneSimulator.Build.0 = Release|Any CPU
		{BDDAA2CC-02B7-41BD-85AE-B86C0D747BB6}.AppStore|iPhoneSimulator.Deploy.0 = Release|Any CPU
		{BDDAA2CC-02B7-41BD-85AE-B86C0D747BB6}.Debug|Any CPU.ActiveCfg = Debug|Any CPU
		{BDDAA2CC-02B7-41BD-85AE-B86C0D747BB6}.Debug|Any CPU.Build.0 = Debug|Any CPU
		{BDDAA2CC-02B7-41BD-85AE-B86C0D747BB6}.Debug|Any CPU.Deploy.0 = Debug|Any CPU
		{BDDAA2CC-02B7-41BD-85AE-B86C0D747BB6}.Debug|iPhone.ActiveCfg = Debug|Any CPU
		{BDDAA2CC-02B7-41BD-85AE-B86C0D747BB6}.Debug|iPhone.Build.0 = Debug|Any CPU
		{BDDAA2CC-02B7-41BD-85AE-B86C0D747BB6}.Debug|iPhone.Deploy.0 = Debug|Any CPU
		{BDDAA2CC-02B7-41BD-85AE-B86C0D747BB6}.Debug|iPhoneSimulator.ActiveCfg = Debug|Any CPU
		{BDDAA2CC-02B7-41BD-85AE-B86C0D747BB6}.Debug|iPhoneSimulator.Build.0 = Debug|Any CPU
		{BDDAA2CC-02B7-41BD-85AE-B86C0D747BB6}.Debug|iPhoneSimulator.Deploy.0 = Debug|Any CPU
		{BDDAA2CC-02B7-41BD-85AE-B86C0D747BB6}.Release|Any CPU.ActiveCfg = Release|Any CPU
		{BDDAA2CC-02B7-41BD-85AE-B86C0D747BB6}.Release|Any CPU.Build.0 = Release|Any CPU
		{BDDAA2CC-02B7-41BD-85AE-B86C0D747BB6}.Release|Any CPU.Deploy.0 = Release|Any CPU
		{BDDAA2CC-02B7-41BD-85AE-B86C0D747BB6}.Release|iPhone.ActiveCfg = Release|Any CPU
		{BDDAA2CC-02B7-41BD-85AE-B86C0D747BB6}.Release|iPhone.Build.0 = Release|Any CPU
		{BDDAA2CC-02B7-41BD-85AE-B86C0D747BB6}.Release|iPhone.Deploy.0 = Release|Any CPU
		{BDDAA2CC-02B7-41BD-85AE-B86C0D747BB6}.Release|iPhoneSimulator.ActiveCfg = Release|Any CPU
		{BDDAA2CC-02B7-41BD-85AE-B86C0D747BB6}.Release|iPhoneSimulator.Build.0 = Release|Any CPU
		{BDDAA2CC-02B7-41BD-85AE-B86C0D747BB6}.Release|iPhoneSimulator.Deploy.0 = Release|Any CPU
		{2DEA7AE2-2CA7-488D-ACFA-321CFE587B31}.Ad-Hoc|Any CPU.ActiveCfg = Ad-Hoc|iPhone
		{2DEA7AE2-2CA7-488D-ACFA-321CFE587B31}.Ad-Hoc|Any CPU.Build.0 = Ad-Hoc|iPhone
		{2DEA7AE2-2CA7-488D-ACFA-321CFE587B31}.Ad-Hoc|Any CPU.Deploy.0 = Ad-Hoc|iPhone
		{2DEA7AE2-2CA7-488D-ACFA-321CFE587B31}.Ad-Hoc|iPhone.ActiveCfg = Ad-Hoc|iPhone
		{2DEA7AE2-2CA7-488D-ACFA-321CFE587B31}.Ad-Hoc|iPhone.Build.0 = Ad-Hoc|iPhone
		{2DEA7AE2-2CA7-488D-ACFA-321CFE587B31}.Ad-Hoc|iPhone.Deploy.0 = Ad-Hoc|iPhone
		{2DEA7AE2-2CA7-488D-ACFA-321CFE587B31}.Ad-Hoc|iPhoneSimulator.ActiveCfg = Ad-Hoc|iPhoneSimulator
		{2DEA7AE2-2CA7-488D-ACFA-321CFE587B31}.Ad-Hoc|iPhoneSimulator.Build.0 = Ad-Hoc|iPhoneSimulator
		{2DEA7AE2-2CA7-488D-ACFA-321CFE587B31}.Ad-Hoc|iPhoneSimulator.Deploy.0 = Ad-Hoc|iPhoneSimulator
		{2DEA7AE2-2CA7-488D-ACFA-321CFE587B31}.AppStore|Any CPU.ActiveCfg = AppStore|iPhone
		{2DEA7AE2-2CA7-488D-ACFA-321CFE587B31}.AppStore|Any CPU.Build.0 = AppStore|iPhone
		{2DEA7AE2-2CA7-488D-ACFA-321CFE587B31}.AppStore|Any CPU.Deploy.0 = AppStore|iPhone
		{2DEA7AE2-2CA7-488D-ACFA-321CFE587B31}.AppStore|iPhone.ActiveCfg = AppStore|iPhone
		{2DEA7AE2-2CA7-488D-ACFA-321CFE587B31}.AppStore|iPhone.Build.0 = AppStore|iPhone
		{2DEA7AE2-2CA7-488D-ACFA-321CFE587B31}.AppStore|iPhone.Deploy.0 = AppStore|iPhone
		{2DEA7AE2-2CA7-488D-ACFA-321CFE587B31}.AppStore|iPhoneSimulator.ActiveCfg = AppStore|iPhoneSimulator
		{2DEA7AE2-2CA7-488D-ACFA-321CFE587B31}.AppStore|iPhoneSimulator.Build.0 = AppStore|iPhoneSimulator
		{2DEA7AE2-2CA7-488D-ACFA-321CFE587B31}.AppStore|iPhoneSimulator.Deploy.0 = AppStore|iPhoneSimulator
		{2DEA7AE2-2CA7-488D-ACFA-321CFE587B31}.Debug|Any CPU.ActiveCfg = Debug|iPhoneSimulator
		{2DEA7AE2-2CA7-488D-ACFA-321CFE587B31}.Debug|Any CPU.Build.0 = Debug|iPhoneSimulator
		{2DEA7AE2-2CA7-488D-ACFA-321CFE587B31}.Debug|Any CPU.Deploy.0 = Debug|iPhoneSimulator
		{2DEA7AE2-2CA7-488D-ACFA-321CFE587B31}.Debug|iPhone.ActiveCfg = Debug|iPhone
		{2DEA7AE2-2CA7-488D-ACFA-321CFE587B31}.Debug|iPhone.Build.0 = Debug|iPhone
		{2DEA7AE2-2CA7-488D-ACFA-321CFE587B31}.Debug|iPhone.Deploy.0 = Debug|iPhone
		{2DEA7AE2-2CA7-488D-ACFA-321CFE587B31}.Debug|iPhoneSimulator.ActiveCfg = Debug|iPhoneSimulator
		{2DEA7AE2-2CA7-488D-ACFA-321CFE587B31}.Debug|iPhoneSimulator.Build.0 = Debug|iPhoneSimulator
		{2DEA7AE2-2CA7-488D-ACFA-321CFE587B31}.Debug|iPhoneSimulator.Deploy.0 = Debug|iPhoneSimulator
		{2DEA7AE2-2CA7-488D-ACFA-321CFE587B31}.Release|Any CPU.ActiveCfg = Release|iPhone
		{2DEA7AE2-2CA7-488D-ACFA-321CFE587B31}.Release|Any CPU.Build.0 = Release|iPhone
		{2DEA7AE2-2CA7-488D-ACFA-321CFE587B31}.Release|Any CPU.Deploy.0 = Release|iPhone
		{2DEA7AE2-2CA7-488D-ACFA-321CFE587B31}.Release|iPhone.ActiveCfg = Release|iPhone
		{2DEA7AE2-2CA7-488D-ACFA-321CFE587B31}.Release|iPhone.Build.0 = Release|iPhone
		{2DEA7AE2-2CA7-488D-ACFA-321CFE587B31}.Release|iPhone.Deploy.0 = Release|iPhone
		{2DEA7AE2-2CA7-488D-ACFA-321CFE587B31}.Release|iPhoneSimulator.ActiveCfg = Release|iPhoneSimulator
		{2DEA7AE2-2CA7-488D-ACFA-321CFE587B31}.Release|iPhoneSimulator.Build.0 = Release|iPhoneSimulator
		{2DEA7AE2-2CA7-488D-ACFA-321CFE587B31}.Release|iPhoneSimulator.Deploy.0 = Release|iPhoneSimulator
		{F4B3934E-C30C-4654-9E47-E40A41881AC9}.Ad-Hoc|Any CPU.ActiveCfg = Debug|Any CPU
		{F4B3934E-C30C-4654-9E47-E40A41881AC9}.Ad-Hoc|Any CPU.Build.0 = Debug|Any CPU
		{F4B3934E-C30C-4654-9E47-E40A41881AC9}.Ad-Hoc|Any CPU.Deploy.0 = Debug|Any CPU
		{F4B3934E-C30C-4654-9E47-E40A41881AC9}.Ad-Hoc|iPhone.ActiveCfg = Debug|Any CPU
		{F4B3934E-C30C-4654-9E47-E40A41881AC9}.Ad-Hoc|iPhone.Build.0 = Debug|Any CPU
		{F4B3934E-C30C-4654-9E47-E40A41881AC9}.Ad-Hoc|iPhone.Deploy.0 = Debug|Any CPU
		{F4B3934E-C30C-4654-9E47-E40A41881AC9}.Ad-Hoc|iPhoneSimulator.ActiveCfg = Debug|Any CPU
		{F4B3934E-C30C-4654-9E47-E40A41881AC9}.Ad-Hoc|iPhoneSimulator.Build.0 = Debug|Any CPU
		{F4B3934E-C30C-4654-9E47-E40A41881AC9}.Ad-Hoc|iPhoneSimulator.Deploy.0 = Debug|Any CPU
		{F4B3934E-C30C-4654-9E47-E40A41881AC9}.AppStore|Any CPU.ActiveCfg = Debug|Any CPU
		{F4B3934E-C30C-4654-9E47-E40A41881AC9}.AppStore|Any CPU.Build.0 = Debug|Any CPU
		{F4B3934E-C30C-4654-9E47-E40A41881AC9}.AppStore|Any CPU.Deploy.0 = Debug|Any CPU
		{F4B3934E-C30C-4654-9E47-E40A41881AC9}.AppStore|iPhone.ActiveCfg = Debug|Any CPU
		{F4B3934E-C30C-4654-9E47-E40A41881AC9}.AppStore|iPhone.Build.0 = Debug|Any CPU
		{F4B3934E-C30C-4654-9E47-E40A41881AC9}.AppStore|iPhone.Deploy.0 = Debug|Any CPU
		{F4B3934E-C30C-4654-9E47-E40A41881AC9}.AppStore|iPhoneSimulator.ActiveCfg = Debug|Any CPU
		{F4B3934E-C30C-4654-9E47-E40A41881AC9}.AppStore|iPhoneSimulator.Build.0 = Debug|Any CPU
		{F4B3934E-C30C-4654-9E47-E40A41881AC9}.AppStore|iPhoneSimulator.Deploy.0 = Debug|Any CPU
		{F4B3934E-C30C-4654-9E47-E40A41881AC9}.Debug|Any CPU.ActiveCfg = Debug|Any CPU
		{F4B3934E-C30C-4654-9E47-E40A41881AC9}.Debug|Any CPU.Build.0 = Debug|Any CPU
		{F4B3934E-C30C-4654-9E47-E40A41881AC9}.Debug|Any CPU.Deploy.0 = Debug|Any CPU
		{F4B3934E-C30C-4654-9E47-E40A41881AC9}.Debug|iPhone.ActiveCfg = Debug|Any CPU
		{F4B3934E-C30C-4654-9E47-E40A41881AC9}.Debug|iPhone.Build.0 = Debug|Any CPU
		{F4B3934E-C30C-4654-9E47-E40A41881AC9}.Debug|iPhone.Deploy.0 = Debug|Any CPU
		{F4B3934E-C30C-4654-9E47-E40A41881AC9}.Debug|iPhoneSimulator.ActiveCfg = Debug|Any CPU
		{F4B3934E-C30C-4654-9E47-E40A41881AC9}.Debug|iPhoneSimulator.Build.0 = Debug|Any CPU
		{F4B3934E-C30C-4654-9E47-E40A41881AC9}.Debug|iPhoneSimulator.Deploy.0 = Debug|Any CPU
		{F4B3934E-C30C-4654-9E47-E40A41881AC9}.Release|Any CPU.ActiveCfg = Release|Any CPU
		{F4B3934E-C30C-4654-9E47-E40A41881AC9}.Release|Any CPU.Build.0 = Release|Any CPU
		{F4B3934E-C30C-4654-9E47-E40A41881AC9}.Release|Any CPU.Deploy.0 = Release|Any CPU
		{F4B3934E-C30C-4654-9E47-E40A41881AC9}.Release|iPhone.ActiveCfg = Release|Any CPU
		{F4B3934E-C30C-4654-9E47-E40A41881AC9}.Release|iPhone.Build.0 = Release|Any CPU
		{F4B3934E-C30C-4654-9E47-E40A41881AC9}.Release|iPhone.Deploy.0 = Release|Any CPU
		{F4B3934E-C30C-4654-9E47-E40A41881AC9}.Release|iPhoneSimulator.ActiveCfg = Release|Any CPU
		{F4B3934E-C30C-4654-9E47-E40A41881AC9}.Release|iPhoneSimulator.Build.0 = Release|Any CPU
		{F4B3934E-C30C-4654-9E47-E40A41881AC9}.Release|iPhoneSimulator.Deploy.0 = Release|Any CPU
	EndGlobalSection
	GlobalSection(SolutionProperties) = preSolution
		HideSolutionNode = FALSE
	EndGlobalSection
	GlobalSection(ExtensibilityGlobals) = postSolution
		SolutionGuid = {B0E710D1-499F-4AC1-8BFD-7BD5ED9F9189}
	EndGlobalSection
EndGlobal
