
Microsoft Visual Studio Solution File, Format Version 12.00
# Visual Studio 15
VisualStudioVersion = 15.0.28307.421
MinimumVisualStudioVersion = 10.0.40219.1
Project("{FAE04EC0-301F-11D3-BF4B-00C04F79EFBC}") = "App3.Android", "App3\App3.Android\App3.Android.csproj", "{11AEA53E-2ED5-4F42-85D6-ECE8B26383F1}"
EndProject
Project("{FAE04EC0-301F-11D3-BF4B-00C04F79EFBC}") = "App3", "App3\App3\App3.csproj", "{F93D8502-8D06-4EFB-8AFB-133FD32616D5}"
EndProject
Global
	GlobalSection(SolutionConfigurationPlatforms) = preSolution
		Debug|Any CPU = Debug|Any CPU
		Release|Any CPU = Release|Any CPU
	EndGlobalSection
	GlobalSection(ProjectConfigurationPlatforms) = postSolution
		{11AEA53E-2ED5-4F42-85D6-ECE8B26383F1}.Debug|Any CPU.ActiveCfg = Debug|Any CPU
		{11AEA53E-2ED5-4F42-85D6-ECE8B26383F1}.Debug|Any CPU.Build.0 = Debug|Any CPU
		{11AEA53E-2ED5-4F42-85D6-ECE8B26383F1}.Debug|Any CPU.Deploy.0 = Debug|Any CPU
		{11AEA53E-2ED5-4F42-85D6-ECE8B26383F1}.Release|Any CPU.ActiveCfg = Release|Any CPU
		{11AEA53E-2ED5-4F42-85D6-ECE8B26383F1}.Release|Any CPU.Build.0 = Release|Any CPU
		{11AEA53E-2ED5-4F42-85D6-ECE8B26383F1}.Release|Any CPU.Deploy.0 = Release|Any CPU
		{F93D8502-8D06-4EFB-8AFB-133FD32616D5}.Debug|Any CPU.ActiveCfg = Debug|Any CPU
		{F93D8502-8D06-4EFB-8AFB-133FD32616D5}.Debug|Any CPU.Build.0 = Debug|Any CPU
		{F93D8502-8D06-4EFB-8AFB-133FD32616D5}.Debug|Any CPU.Deploy.0 = Debug|Any CPU
		{F93D8502-8D06-4EFB-8AFB-133FD32616D5}.Release|Any CPU.ActiveCfg = Release|Any CPU
		{F93D8502-8D06-4EFB-8AFB-133FD32616D5}.Release|Any CPU.Build.0 = Release|Any CPU
		{F93D8502-8D06-4EFB-8AFB-133FD32616D5}.Release|Any CPU.Deploy.0 = Release|Any CPU
	EndGlobalSection
	GlobalSection(SolutionProperties) = preSolution
		HideSolutionNode = FALSE
	EndGlobalSection
	GlobalSection(ExtensibilityGlobals) = postSolution
		SolutionGuid = {EB373E71-4941-4868-B1D7-775DABEAA682}
	EndGlobalSection
EndGlobal
