
Microsoft Visual Studio Solution File, Format Version 12.00
# Visual Studio 15
VisualStudioVersion = 15.0.28307.136
MinimumVisualStudioVersion = 10.0.40219.1
Project("{FAE04EC0-301F-11D3-BF4B-00C04F79EFBC}") = "MyApp.Android", "MyApp\MyApp.Android\MyApp.Android.csproj", "{AE6A2AFE-EB88-43C6-86D3-05138DA288AF}"
EndProject
Project("{FAE04EC0-301F-11D3-BF4B-00C04F79EFBC}") = "MyApp.iOS", "MyApp\MyApp.iOS\MyApp.iOS.csproj", "{4E9B8DE1-77EB-4F81-AA90-E7ECC9E8D18D}"
EndProject
Project("{FAE04EC0-301F-11D3-BF4B-00C04F79EFBC}") = "MyApp", "MyApp\MyApp\MyApp.csproj", "{00767CCD-F291-488B-ACA8-F2CAA63B910E}"
EndProject
Global
	GlobalSection(SolutionConfigurationPlatforms) = preSolution
		Ad-Hoc|Any CPU = Ad-Hoc|Any CPU
		Ad-Hoc|iPhone = Ad-Hoc|iPhone
		Ad-Hoc|iPhoneSimulator = Ad-Hoc|iPhoneSimulator
		AppStore|Any CPU = AppStore|Any CPU
		AppStore|iPhone = AppStore|iPhone
		AppStore|iPhoneSimulator = AppStore|iPhoneSimulator
		Debug|Any CPU = Debug|Any CPU
		Debug|iPhone = Debug|iPhone
		Debug|iPhoneSimulator = Debug|iPhoneSimulator
		Release|Any CPU = Release|Any CPU
		Release|iPhone = Release|iPhone
		Release|iPhoneSimulator = Release|iPhoneSimulator
	EndGlobalSection
	GlobalSection(ProjectConfigurationPlatforms) = postSolution
		{AE6A2AFE-EB88-43C6-86D3-05138DA288AF}.Ad-Hoc|Any CPU.ActiveCfg = Release|Any CPU
		{AE6A2AFE-EB88-43C6-86D3-05138DA288AF}.Ad-Hoc|Any CPU.Build.0 = Release|Any CPU
		{AE6A2AFE-EB88-43C6-86D3-05138DA288AF}.Ad-Hoc|Any CPU.Deploy.0 = Release|Any CPU
		{AE6A2AFE-EB88-43C6-86D3-05138DA288AF}.Ad-Hoc|iPhone.ActiveCfg = Release|Any CPU
		{AE6A2AFE-EB88-43C6-86D3-05138DA288AF}.Ad-Hoc|iPhone.Build.0 = Release|Any CPU
		{AE6A2AFE-EB88-43C6-86D3-05138DA288AF}.Ad-Hoc|iPhone.Deploy.0 = Release|Any CPU
		{AE6A2AFE-EB88-43C6-86D3-05138DA288AF}.Ad-Hoc|iPhoneSimulator.ActiveCfg = Release|Any CPU
		{AE6A2AFE-EB88-43C6-86D3-05138DA288AF}.Ad-Hoc|iPhoneSimulator.Build.0 = Release|Any CPU
		{AE6A2AFE-EB88-43C6-86D3-05138DA288AF}.Ad-Hoc|iPhoneSimulator.Deploy.0 = Release|Any CPU
		{AE6A2AFE-EB88-43C6-86D3-05138DA288AF}.AppStore|Any CPU.ActiveCfg = Release|Any CPU
		{AE6A2AFE-EB88-43C6-86D3-05138DA288AF}.AppStore|Any CPU.Build.0 = Release|Any CPU
		{AE6A2AFE-EB88-43C6-86D3-05138DA288AF}.AppStore|Any CPU.Deploy.0 = Release|Any CPU
		{AE6A2AFE-EB88-43C6-86D3-05138DA288AF}.AppStore|iPhone.ActiveCfg = Release|Any CPU
		{AE6A2AFE-EB88-43C6-86D3-05138DA288AF}.AppStore|iPhone.Build.0 = Release|Any CPU
		{AE6A2AFE-EB88-43C6-86D3-05138DA288AF}.AppStore|iPhone.Deploy.0 = Release|Any CPU
		{AE6A2AFE-EB88-43C6-86D3-05138DA288AF}.AppStore|iPhoneSimulator.ActiveCfg = Release|Any CPU
		{AE6A2AFE-EB88-43C6-86D3-05138DA288AF}.AppStore|iPhoneSimulator.Build.0 = Release|Any CPU
		{AE6A2AFE-EB88-43C6-86D3-05138DA288AF}.AppStore|iPhoneSimulator.Deploy.0 = Release|Any CPU
		{AE6A2AFE-EB88-43C6-86D3-05138DA288AF}.Debug|Any CPU.ActiveCfg = Debug|Any CPU
		{AE6A2AFE-EB88-43C6-86D3-05138DA288AF}.Debug|Any CPU.Build.0 = Debug|Any CPU
		{AE6A2AFE-EB88-43C6-86D3-05138DA288AF}.Debug|Any CPU.Deploy.0 = Debug|Any CPU
		{AE6A2AFE-EB88-43C6-86D3-05138DA288AF}.Debug|iPhone.ActiveCfg = Debug|Any CPU
		{AE6A2AFE-EB88-43C6-86D3-05138DA288AF}.Debug|iPhone.Build.0 = Debug|Any CPU
		{AE6A2AFE-EB88-43C6-86D3-05138DA288AF}.Debug|iPhone.Deploy.0 = Debug|Any CPU
		{AE6A2AFE-EB88-43C6-86D3-05138DA288AF}.Debug|iPhoneSimulator.ActiveCfg = Debug|Any CPU
		{AE6A2AFE-EB88-43C6-86D3-05138DA288AF}.Debug|iPhoneSimulator.Build.0 = Debug|Any CPU
		{AE6A2AFE-EB88-43C6-86D3-05138DA288AF}.Debug|iPhoneSimulator.Deploy.0 = Debug|Any CPU
		{AE6A2AFE-EB88-43C6-86D3-05138DA288AF}.Release|Any CPU.ActiveCfg = Release|Any CPU
		{AE6A2AFE-EB88-43C6-86D3-05138DA288AF}.Release|Any CPU.Build.0 = Release|Any CPU
		{AE6A2AFE-EB88-43C6-86D3-05138DA288AF}.Release|Any CPU.Deploy.0 = Release|Any CPU
		{AE6A2AFE-EB88-43C6-86D3-05138DA288AF}.Release|iPhone.ActiveCfg = Release|Any CPU
		{AE6A2AFE-EB88-43C6-86D3-05138DA288AF}.Release|iPhone.Build.0 = Release|Any CPU
		{AE6A2AFE-EB88-43C6-86D3-05138DA288AF}.Release|iPhone.Deploy.0 = Release|Any CPU
		{AE6A2AFE-EB88-43C6-86D3-05138DA288AF}.Release|iPhoneSimulator.ActiveCfg = Release|Any CPU
		{AE6A2AFE-EB88-43C6-86D3-05138DA288AF}.Release|iPhoneSimulator.Build.0 = Release|Any CPU
		{AE6A2AFE-EB88-43C6-86D3-05138DA288AF}.Release|iPhoneSimulator.Deploy.0 = Release|Any CPU
		{4E9B8DE1-77EB-4F81-AA90-E7ECC9E8D18D}.Ad-Hoc|Any CPU.ActiveCfg = Ad-Hoc|iPhone
		{4E9B8DE1-77EB-4F81-AA90-E7ECC9E8D18D}.Ad-Hoc|Any CPU.Build.0 = Ad-Hoc|iPhone
		{4E9B8DE1-77EB-4F81-AA90-E7ECC9E8D18D}.Ad-Hoc|Any CPU.Deploy.0 = Ad-Hoc|iPhone
		{4E9B8DE1-77EB-4F81-AA90-E7ECC9E8D18D}.Ad-Hoc|iPhone.ActiveCfg = Ad-Hoc|iPhone
		{4E9B8DE1-77EB-4F81-AA90-E7ECC9E8D18D}.Ad-Hoc|iPhone.Build.0 = Ad-Hoc|iPhone
		{4E9B8DE1-77EB-4F81-AA90-E7ECC9E8D18D}.Ad-Hoc|iPhone.Deploy.0 = Ad-Hoc|iPhone
		{4E9B8DE1-77EB-4F81-AA90-E7ECC9E8D18D}.Ad-Hoc|iPhoneSimulator.ActiveCfg = Ad-Hoc|iPhoneSimulator
		{4E9B8DE1-77EB-4F81-AA90-E7ECC9E8D18D}.Ad-Hoc|iPhoneSimulator.Build.0 = Ad-Hoc|iPhoneSimulator
		{4E9B8DE1-77EB-4F81-AA90-E7ECC9E8D18D}.Ad-Hoc|iPhoneSimulator.Deploy.0 = Ad-Hoc|iPhoneSimulator
		{4E9B8DE1-77EB-4F81-AA90-E7ECC9E8D18D}.AppStore|Any CPU.ActiveCfg = AppStore|iPhone
		{4E9B8DE1-77EB-4F81-AA90-E7ECC9E8D18D}.AppStore|Any CPU.Build.0 = AppStore|iPhone
		{4E9B8DE1-77EB-4F81-AA90-E7ECC9E8D18D}.AppStore|Any CPU.Deploy.0 = AppStore|iPhone
		{4E9B8DE1-77EB-4F81-AA90-E7ECC9E8D18D}.AppStore|iPhone.ActiveCfg = AppStore|iPhone
		{4E9B8DE1-77EB-4F81-AA90-E7ECC9E8D18D}.AppStore|iPhone.Build.0 = AppStore|iPhone
		{4E9B8DE1-77EB-4F81-AA90-E7ECC9E8D18D}.AppStore|iPhone.Deploy.0 = AppStore|iPhone
		{4E9B8DE1-77EB-4F81-AA90-E7ECC9E8D18D}.AppStore|iPhoneSimulator.ActiveCfg = AppStore|iPhoneSimulator
		{4E9B8DE1-77EB-4F81-AA90-E7ECC9E8D18D}.AppStore|iPhoneSimulator.Build.0 = AppStore|iPhoneSimulator
		{4E9B8DE1-77EB-4F81-AA90-E7ECC9E8D18D}.AppStore|iPhoneSimulator.Deploy.0 = AppStore|iPhoneSimulator
		{4E9B8DE1-77EB-4F81-AA90-E7ECC9E8D18D}.Debug|Any CPU.ActiveCfg = Debug|iPhoneSimulator
		{4E9B8DE1-77EB-4F81-AA90-E7ECC9E8D18D}.Debug|Any CPU.Build.0 = Debug|iPhoneSimulator
		{4E9B8DE1-77EB-4F81-AA90-E7ECC9E8D18D}.Debug|Any CPU.Deploy.0 = Debug|iPhoneSimulator
		{4E9B8DE1-77EB-4F81-AA90-E7ECC9E8D18D}.Debug|iPhone.ActiveCfg = Debug|iPhone
		{4E9B8DE1-77EB-4F81-AA90-E7ECC9E8D18D}.Debug|iPhone.Build.0 = Debug|iPhone
		{4E9B8DE1-77EB-4F81-AA90-E7ECC9E8D18D}.Debug|iPhone.Deploy.0 = Debug|iPhone
		{4E9B8DE1-77EB-4F81-AA90-E7ECC9E8D18D}.Debug|iPhoneSimulator.ActiveCfg = Debug|iPhoneSimulator
		{4E9B8DE1-77EB-4F81-AA90-E7ECC9E8D18D}.Debug|iPhoneSimulator.Build.0 = Debug|iPhoneSimulator
		{4E9B8DE1-77EB-4F81-AA90-E7ECC9E8D18D}.Debug|iPhoneSimulator.Deploy.0 = Debug|iPhoneSimulator
		{4E9B8DE1-77EB-4F81-AA90-E7ECC9E8D18D}.Release|Any CPU.ActiveCfg = Release|iPhone
		{4E9B8DE1-77EB-4F81-AA90-E7ECC9E8D18D}.Release|Any CPU.Build.0 = Release|iPhone
		{4E9B8DE1-77EB-4F81-AA90-E7ECC9E8D18D}.Release|Any CPU.Deploy.0 = Release|iPhone
		{4E9B8DE1-77EB-4F81-AA90-E7ECC9E8D18D}.Release|iPhone.ActiveCfg = Release|iPhone
		{4E9B8DE1-77EB-4F81-AA90-E7ECC9E8D18D}.Release|iPhone.Build.0 = Release|iPhone
		{4E9B8DE1-77EB-4F81-AA90-E7ECC9E8D18D}.Release|iPhone.Deploy.0 = Release|iPhone
		{4E9B8DE1-77EB-4F81-AA90-E7ECC9E8D18D}.Release|iPhoneSimulator.ActiveCfg = Release|iPhoneSimulator
		{4E9B8DE1-77EB-4F81-AA90-E7ECC9E8D18D}.Release|iPhoneSimulator.Build.0 = Release|iPhoneSimulator
		{4E9B8DE1-77EB-4F81-AA90-E7ECC9E8D18D}.Release|iPhoneSimulator.Deploy.0 = Release|iPhoneSimulator
		{00767CCD-F291-488B-ACA8-F2CAA63B910E}.Ad-Hoc|Any CPU.ActiveCfg = Debug|Any CPU
		{00767CCD-F291-488B-ACA8-F2CAA63B910E}.Ad-Hoc|Any CPU.Build.0 = Debug|Any CPU
		{00767CCD-F291-488B-ACA8-F2CAA63B910E}.Ad-Hoc|Any CPU.Deploy.0 = Debug|Any CPU
		{00767CCD-F291-488B-ACA8-F2CAA63B910E}.Ad-Hoc|iPhone.ActiveCfg = Debug|Any CPU
		{00767CCD-F291-488B-ACA8-F2CAA63B910E}.Ad-Hoc|iPhone.Build.0 = Debug|Any CPU
		{00767CCD-F291-488B-ACA8-F2CAA63B910E}.Ad-Hoc|iPhone.Deploy.0 = Debug|Any CPU
		{00767CCD-F291-488B-ACA8-F2CAA63B910E}.Ad-Hoc|iPhoneSimulator.ActiveCfg = Debug|Any CPU
		{00767CCD-F291-488B-ACA8-F2CAA63B910E}.Ad-Hoc|iPhoneSimulator.Build.0 = Debug|Any CPU
		{00767CCD-F291-488B-ACA8-F2CAA63B910E}.Ad-Hoc|iPhoneSimulator.Deploy.0 = Debug|Any CPU
		{00767CCD-F291-488B-ACA8-F2CAA63B910E}.AppStore|Any CPU.ActiveCfg = Debug|Any CPU
		{00767CCD-F291-488B-ACA8-F2CAA63B910E}.AppStore|Any CPU.Build.0 = Debug|Any CPU
		{00767CCD-F291-488B-ACA8-F2CAA63B910E}.AppStore|Any CPU.Deploy.0 = Debug|Any CPU
		{00767CCD-F291-488B-ACA8-F2CAA63B910E}.AppStore|iPhone.ActiveCfg = Debug|Any CPU
		{00767CCD-F291-488B-ACA8-F2CAA63B910E}.AppStore|iPhone.Build.0 = Debug|Any CPU
		{00767CCD-F291-488B-ACA8-F2CAA63B910E}.AppStore|iPhone.Deploy.0 = Debug|Any CPU
		{00767CCD-F291-488B-ACA8-F2CAA63B910E}.AppStore|iPhoneSimulator.ActiveCfg = Debug|Any CPU
		{00767CCD-F291-488B-ACA8-F2CAA63B910E}.AppStore|iPhoneSimulator.Build.0 = Debug|Any CPU
		{00767CCD-F291-488B-ACA8-F2CAA63B910E}.AppStore|iPhoneSimulator.Deploy.0 = Debug|Any CPU
		{00767CCD-F291-488B-ACA8-F2CAA63B910E}.Debug|Any CPU.ActiveCfg = Debug|Any CPU
		{00767CCD-F291-488B-ACA8-F2CAA63B910E}.Debug|Any CPU.Build.0 = Debug|Any CPU
		{00767CCD-F291-488B-ACA8-F2CAA63B910E}.Debug|Any CPU.Deploy.0 = Debug|Any CPU
		{00767CCD-F291-488B-ACA8-F2CAA63B910E}.Debug|iPhone.ActiveCfg = Debug|Any CPU
		{00767CCD-F291-488B-ACA8-F2CAA63B910E}.Debug|iPhone.Build.0 = Debug|Any CPU
		{00767CCD-F291-488B-ACA8-F2CAA63B910E}.Debug|iPhone.Deploy.0 = Debug|Any CPU
		{00767CCD-F291-488B-ACA8-F2CAA63B910E}.Debug|iPhoneSimulator.ActiveCfg = Debug|Any CPU
		{00767CCD-F291-488B-ACA8-F2CAA63B910E}.Debug|iPhoneSimulator.Build.0 = Debug|Any CPU
		{00767CCD-F291-488B-ACA8-F2CAA63B910E}.Debug|iPhoneSimulator.Deploy.0 = Debug|Any CPU
		{00767CCD-F291-488B-ACA8-F2CAA63B910E}.Release|Any CPU.ActiveCfg = Release|Any CPU
		{00767CCD-F291-488B-ACA8-F2CAA63B910E}.Release|Any CPU.Build.0 = Release|Any CPU
		{00767CCD-F291-488B-ACA8-F2CAA63B910E}.Release|Any CPU.Deploy.0 = Release|Any CPU
		{00767CCD-F291-488B-ACA8-F2CAA63B910E}.Release|iPhone.ActiveCfg = Release|Any CPU
		{00767CCD-F291-488B-ACA8-F2CAA63B910E}.Release|iPhone.Build.0 = Release|Any CPU
		{00767CCD-F291-488B-ACA8-F2CAA63B910E}.Release|iPhone.Deploy.0 = Release|Any CPU
		{00767CCD-F291-488B-ACA8-F2CAA63B910E}.Release|iPhoneSimulator.ActiveCfg = Release|Any CPU
		{00767CCD-F291-488B-ACA8-F2CAA63B910E}.Release|iPhoneSimulator.Build.0 = Release|Any CPU
		{00767CCD-F291-488B-ACA8-F2CAA63B910E}.Release|iPhoneSimulator.Deploy.0 = Release|Any CPU
	EndGlobalSection
	GlobalSection(SolutionProperties) = preSolution
		HideSolutionNode = FALSE
	EndGlobalSection
	GlobalSection(ExtensibilityGlobals) = postSolution
		SolutionGuid = {BD6B0FBF-1368-4501-BC6A-43C533E8199D}
	EndGlobalSection
EndGlobal
